
Microsoft Visual Studio Solution File, Format Version 12.00
# Visual Studio Version 17
VisualStudioVersion = 17.0.31717.71
MinimumVisualStudioVersion = 10.0.40219.1
Project("{8BC9CEB8-8B4A-11D0-8D11-00A0C91BC942}") = "TranslucentTB", "TranslucentTB\TranslucentTB.vcxproj", "{59F844AA-8D3C-431C-B8CC-57682915F551}"
EndProject
Project("{C7167F0D-BC9F-4E6E-AFE1-012C56B48DB5}") = "AppPackage", "AppPackage\AppPackage.wapproj", "{0E91E5C8-0EE0-49C9-A0DA-D25AB61A90C4}"
EndProject
Project("{2150E333-8FDC-42A3-9474-1A3956D46DE8}") = "Solution Items", "Solution Items", "{643CCC44-6675-4C3B-AF5B-B44DF4D7EBFF}"
	ProjectSection(SolutionItems) = preProject
		.editorconfig = .editorconfig
		.gitattributes = .gitattributes
		.gitignore = .gitignore
		CONTRIBUTING.md = CONTRIBUTING.md
		LICENSE.md = LICENSE.md
		README.md = README.md
		settings.schema.json = settings.schema.json
		store-listing.csv = store-listing.csv
	EndProjectSection
EndProject
Project("{8BC9CEB8-8B4A-11D0-8D11-00A0C91BC942}") = "ExplorerHooks", "ExplorerHooks\ExplorerHooks.vcxproj", "{D0004E78-F00B-4943-B77E-9A278F8BA399}"
EndProject
Project("{8BC9CEB8-8B4A-11D0-8D11-00A0C91BC942}") = "Common", "Common\Common.vcxitems", "{8A1BAF89-44D0-4BBF-A64D-35E6EBEBED06}"
EndProject
Project("{8BC9CEB8-8B4A-11D0-8D11-00A0C91BC942}") = "Tests", "Tests\Tests.vcxproj", "{A61FE3BE-19DF-4DC8-931A-077181044B9A}"
EndProject
Project("{8BC9CEB8-8B4A-11D0-8D11-00A0C91BC942}") = "Xaml", "Xaml\Xaml.vcxproj", "{9875D8E1-9594-445E-A0E4-07C6027F85E0}"
EndProject
Project("{8BC9CEB8-8B4A-11D0-8D11-00A0C91BC942}") = "ProgramLog", "ProgramLog\ProgramLog.vcxproj", "{62CD9DE0-AF10-40F0-B72C-7A7B5BBBA3C7}"
EndProject
Project("{8BC9CEB8-8B4A-11D0-8D11-00A0C91BC942}") = "WindowsUdk", "WindowsUdk\WindowsUdk.vcxproj", "{55ED608B-B142-43A8-B42F-BBF292A61CBD}"
EndProject
Project("{8BC9CEB8-8B4A-11D0-8D11-00A0C91BC942}") = "ExplorerTAP", "ExplorerTAP\ExplorerTAP.vcxproj", "{E759084F-6445-400D-8F43-A64A6E276659}"
EndProject
Project("{2150E333-8FDC-42A3-9474-1A3956D46DE8}") = ".github", ".github", "{5397B370-D633-4BD3-8F19-595EAD559E80}"
	ProjectSection(SolutionItems) = preProject
		.github\FUNDING.yml = .github\FUNDING.yml
	EndProjectSection
EndProject
Project("{2150E333-8FDC-42A3-9474-1A3956D46DE8}") = "ISSUE_TEMPLATE", "ISSUE_TEMPLATE", "{73DCA805-34B8-4193-AC26-E26253F613F5}"
	ProjectSection(SolutionItems) = preProject
		.github\ISSUE_TEMPLATE\bug.yaml = .github\ISSUE_TEMPLATE\bug.yaml
		.github\ISSUE_TEMPLATE\config.yml = .github\ISSUE_TEMPLATE\config.yml
	EndProjectSection
EndProject
Project("{2150E333-8FDC-42A3-9474-1A3956D46DE8}") = ".azp", ".azp", "{18F447A6-8673-4478-BDE8-DC39FB241CAD}"
	ProjectSection(SolutionItems) = preProject
		.azp\ci.yml = .azp\ci.yml
		.azp\pr.yml = .azp\pr.yml
		.azp\release.yml = .azp\release.yml
	EndProjectSection
EndProject
Project("{2150E333-8FDC-42A3-9474-1A3956D46DE8}") = "templates", "templates", "{0FF03715-FB82-410F-8D27-B28CF012E53D}"
	ProjectSection(SolutionItems) = preProject
		.azp\templates\build.yml = .azp\templates\build.yml
		.azp\templates\upload.yml = .azp\templates\upload.yml
	EndProjectSection
EndProject
Project("{2150E333-8FDC-42A3-9474-1A3956D46DE8}") = "vcpkg", "vcpkg", "{95DD3133-7FFF-4DA5-ABA8-17D560EB0CF2}"
EndProject
Project("{2150E333-8FDC-42A3-9474-1A3956D46DE8}") = "ports", "ports", "{C73B6D30-9C28-4662-BA69-198FAE269CA3}"
EndProject
Project("{2150E333-8FDC-42A3-9474-1A3956D46DE8}") = "detours", "detours", "{678763EE-1ED5-43E6-9A5C-9534697D80BB}"
	ProjectSection(SolutionItems) = preProject
		vcpkg\ports\detours\portfile.cmake = vcpkg\ports\detours\portfile.cmake
		vcpkg\ports\detours\vcpkg.json = vcpkg\ports\detours\vcpkg.json
	EndProjectSection
EndProject
Project("{2150E333-8FDC-42A3-9474-1A3956D46DE8}") = "member-thunk", "member-thunk", "{CDADD0F5-BBF2-4D1E-B7B8-3C9D81305BDF}"
	ProjectSection(SolutionItems) = preProject
		vcpkg\ports\member-thunk\portfile.cmake = vcpkg\ports\member-thunk\portfile.cmake
		vcpkg\ports\member-thunk\vcpkg.json = vcpkg\ports\member-thunk\vcpkg.json
	EndProjectSection
EndProject
Project("{2150E333-8FDC-42A3-9474-1A3956D46DE8}") = "scripts", "scripts", "{D465F744-CF30-4C38-82AB-22CA66B29B77}"
	ProjectSection(SolutionItems) = preProject
		.azp\scripts\create-portable.ps1 = .azp\scripts\create-portable.ps1
		.azp\scripts\update-manifest.ps1 = .azp\scripts\update-manifest.ps1
		.azp\scripts\update-version.ps1 = .azp\scripts\update-version.ps1
	EndProjectSection
EndProject
Global
	GlobalSection(SolutionConfigurationPlatforms) = preSolution
		Debug|ARM64 = Debug|ARM64
		Debug|x64 = Debug|x64
		Release|ARM64 = Release|ARM64
		Release|x64 = Release|x64
	EndGlobalSection
	GlobalSection(ProjectConfigurationPlatforms) = postSolution
		{59F844AA-8D3C-431C-B8CC-57682915F551}.Debug|ARM64.ActiveCfg = Debug|ARM64
		{59F844AA-8D3C-431C-B8CC-57682915F551}.Debug|ARM64.Build.0 = Debug|ARM64
		{59F844AA-8D3C-431C-B8CC-57682915F551}.Debug|x64.ActiveCfg = Debug|x64
		{59F844AA-8D3C-431C-B8CC-57682915F551}.Debug|x64.Build.0 = Debug|x64
		{59F844AA-8D3C-431C-B8CC-57682915F551}.Release|ARM64.ActiveCfg = Release|ARM64
		{59F844AA-8D3C-431C-B8CC-57682915F551}.Release|ARM64.Build.0 = Release|ARM64
		{59F844AA-8D3C-431C-B8CC-57682915F551}.Release|x64.ActiveCfg = Release|x64
		{59F844AA-8D3C-431C-B8CC-57682915F551}.Release|x64.Build.0 = Release|x64
		{0E91E5C8-0EE0-49C9-A0DA-D25AB61A90C4}.Debug|ARM64.ActiveCfg = Debug|ARM64
		{0E91E5C8-0EE0-49C9-A0DA-D25AB61A90C4}.Debug|ARM64.Build.0 = Debug|ARM64
		{0E91E5C8-0EE0-49C9-A0DA-D25AB61A90C4}.Debug|ARM64.Deploy.0 = Debug|ARM64
		{0E91E5C8-0EE0-49C9-A0DA-D25AB61A90C4}.Debug|x64.ActiveCfg = Debug|x64
		{0E91E5C8-0EE0-49C9-A0DA-D25AB61A90C4}.Debug|x64.Build.0 = Debug|x64
		{0E91E5C8-0EE0-49C9-A0DA-D25AB61A90C4}.Debug|x64.Deploy.0 = Debug|x64
		{0E91E5C8-0EE0-49C9-A0DA-D25AB61A90C4}.Release|ARM64.ActiveCfg = Release|ARM64
		{0E91E5C8-0EE0-49C9-A0DA-D25AB61A90C4}.Release|ARM64.Build.0 = Release|ARM64
		{0E91E5C8-0EE0-49C9-A0DA-D25AB61A90C4}.Release|ARM64.Deploy.0 = Release|ARM64
		{0E91E5C8-0EE0-49C9-A0DA-D25AB61A90C4}.Release|x64.ActiveCfg = Release|x64
		{0E91E5C8-0EE0-49C9-A0DA-D25AB61A90C4}.Release|x64.Build.0 = Release|x64
		{0E91E5C8-0EE0-49C9-A0DA-D25AB61A90C4}.Release|x64.Deploy.0 = Release|x64
		{D0004E78-F00B-4943-B77E-9A278F8BA399}.Debug|ARM64.ActiveCfg = Debug|ARM64
		{D0004E78-F00B-4943-B77E-9A278F8BA399}.Debug|ARM64.Build.0 = Debug|ARM64
		{D0004E78-F00B-4943-B77E-9A278F8BA399}.Debug|x64.ActiveCfg = Debug|x64
		{D0004E78-F00B-4943-B77E-9A278F8BA399}.Debug|x64.Build.0 = Debug|x64
		{D0004E78-F00B-4943-B77E-9A278F8BA399}.Release|ARM64.ActiveCfg = Release|ARM64
		{D0004E78-F00B-4943-B77E-9A278F8BA399}.Release|ARM64.Build.0 = Release|ARM64
		{D0004E78-F00B-4943-B77E-9A278F8BA399}.Release|x64.ActiveCfg = Release|x64
		{D0004E78-F00B-4943-B77E-9A278F8BA399}.Release|x64.Build.0 = Release|x64
		{A61FE3BE-19DF-4DC8-931A-077181044B9A}.Debug|ARM64.ActiveCfg = Debug|ARM64
		{A61FE3BE-19DF-4DC8-931A-077181044B9A}.Debug|ARM64.Build.0 = Debug|ARM64
		{A61FE3BE-19DF-4DC8-931A-077181044B9A}.Debug|x64.ActiveCfg = Debug|x64
		{A61FE3BE-19DF-4DC8-931A-077181044B9A}.Debug|x64.Build.0 = Debug|x64
		{A61FE3BE-19DF-4DC8-931A-077181044B9A}.Release|ARM64.ActiveCfg = Release|ARM64
		{A61FE3BE-19DF-4DC8-931A-077181044B9A}.Release|ARM64.Build.0 = Release|ARM64
		{A61FE3BE-19DF-4DC8-931A-077181044B9A}.Release|x64.ActiveCfg = Release|x64
		{A61FE3BE-19DF-4DC8-931A-077181044B9A}.Release|x64.Build.0 = Release|x64
		{9875D8E1-9594-445E-A0E4-07C6027F85E0}.Debug|ARM64.ActiveCfg = Debug|ARM64
		{9875D8E1-9594-445E-A0E4-07C6027F85E0}.Debug|ARM64.Build.0 = Debug|ARM64
		{9875D8E1-9594-445E-A0E4-07C6027F85E0}.Debug|x64.ActiveCfg = Debug|x64
		{9875D8E1-9594-445E-A0E4-07C6027F85E0}.Debug|x64.Build.0 = Debug|x64
		{9875D8E1-9594-445E-A0E4-07C6027F85E0}.Release|ARM64.ActiveCfg = Release|ARM64
		{9875D8E1-9594-445E-A0E4-07C6027F85E0}.Release|ARM64.Build.0 = Release|ARM64
		{9875D8E1-9594-445E-A0E4-07C6027F85E0}.Release|x64.ActiveCfg = Release|x64
		{9875D8E1-9594-445E-A0E4-07C6027F85E0}.Release|x64.Build.0 = Release|x64
		{62CD9DE0-AF10-40F0-B72C-7A7B5BBBA3C7}.Debug|ARM64.ActiveCfg = Debug|ARM64
		{62CD9DE0-AF10-40F0-B72C-7A7B5BBBA3C7}.Debug|ARM64.Build.0 = Debug|ARM64
		{62CD9DE0-AF10-40F0-B72C-7A7B5BBBA3C7}.Debug|x64.ActiveCfg = Debug|x64
		{62CD9DE0-AF10-40F0-B72C-7A7B5BBBA3C7}.Debug|x64.Build.0 = Debug|x64
		{62CD9DE0-AF10-40F0-B72C-7A7B5BBBA3C7}.Release|ARM64.ActiveCfg = Release|ARM64
		{62CD9DE0-AF10-40F0-B72C-7A7B5BBBA3C7}.Release|ARM64.Build.0 = Release|ARM64
		{62CD9DE0-AF10-40F0-B72C-7A7B5BBBA3C7}.Release|x64.ActiveCfg = Release|x64
		{62CD9DE0-AF10-40F0-B72C-7A7B5BBBA3C7}.Release|x64.Build.0 = Release|x64
		{55ED608B-B142-43A8-B42F-BBF292A61CBD}.Debug|ARM64.ActiveCfg = Debug|ARM64
		{55ED608B-B142-43A8-B42F-BBF292A61CBD}.Debug|ARM64.Build.0 = Debug|ARM64
		{55ED608B-B142-43A8-B42F-BBF292A61CBD}.Debug|x64.ActiveCfg = Debug|x64
		{55ED608B-B142-43A8-B42F-BBF292A61CBD}.Debug|x64.Build.0 = Debug|x64
		{55ED608B-B142-43A8-B42F-BBF292A61CBD}.Release|ARM64.ActiveCfg = Release|ARM64
		{55ED608B-B142-43A8-B42F-BBF292A61CBD}.Release|ARM64.Build.0 = Release|ARM64
		{55ED608B-B142-43A8-B42F-BBF292A61CBD}.Release|x64.ActiveCfg = Release|x64
		{55ED608B-B142-43A8-B42F-BBF292A61CBD}.Release|x64.Build.0 = Release|x64
		{E759084F-6445-400D-8F43-A64A6E276659}.Debug|ARM64.ActiveCfg = Debug|ARM64
		{E759084F-6445-400D-8F43-A64A6E276659}.Debug|ARM64.Build.0 = Debug|ARM64
		{E759084F-6445-400D-8F43-A64A6E276659}.Debug|x64.ActiveCfg = Debug|x64
		{E759084F-6445-400D-8F43-A64A6E276659}.Debug|x64.Build.0 = Debug|x64
		{E759084F-6445-400D-8F43-A64A6E276659}.Release|ARM64.ActiveCfg = Release|ARM64
		{E759084F-6445-400D-8F43-A64A6E276659}.Release|ARM64.Build.0 = Release|ARM64
		{E759084F-6445-400D-8F43-A64A6E276659}.Release|x64.ActiveCfg = Release|x64
		{E759084F-6445-400D-8F43-A64A6E276659}.Release|x64.Build.0 = Release|x64
	EndGlobalSection
	GlobalSection(SolutionProperties) = preSolution
		HideSolutionNode = FALSE
	EndGlobalSection
	GlobalSection(NestedProjects) = preSolution
		{5397B370-D633-4BD3-8F19-595EAD559E80} = {643CCC44-6675-4C3B-AF5B-B44DF4D7EBFF}
		{73DCA805-34B8-4193-AC26-E26253F613F5} = {5397B370-D633-4BD3-8F19-595EAD559E80}
		{18F447A6-8673-4478-BDE8-DC39FB241CAD} = {643CCC44-6675-4C3B-AF5B-B44DF4D7EBFF}
		{0FF03715-FB82-410F-8D27-B28CF012E53D} = {18F447A6-8673-4478-BDE8-DC39FB241CAD}
		{95DD3133-7FFF-4DA5-ABA8-17D560EB0CF2} = {643CCC44-6675-4C3B-AF5B-B44DF4D7EBFF}
		{C73B6D30-9C28-4662-BA69-198FAE269CA3} = {95DD3133-7FFF-4DA5-ABA8-17D560EB0CF2}
		{678763EE-1ED5-43E6-9A5C-9534697D80BB} = {C73B6D30-9C28-4662-BA69-198FAE269CA3}
		{CDADD0F5-BBF2-4D1E-B7B8-3C9D81305BDF} = {C73B6D30-9C28-4662-BA69-198FAE269CA3}
		{D465F744-CF30-4C38-82AB-22CA66B29B77} = {18F447A6-8673-4478-BDE8-DC39FB241CAD}
	EndGlobalSection
	GlobalSection(ExtensibilityGlobals) = postSolution
		SolutionGuid = {69F96DC4-E133-4A1B-8AB1-83EF70F8CE12}
	EndGlobalSection
EndGlobal
