<?xml version="1.0" encoding="utf-8"?>
<Project ToolsVersion="4.0" xmlns="http://schemas.microsoft.com/developer/msbuild/2003">
  <ItemGroup>
    <Filter Include="Source Files">
      <UniqueIdentifier>{4FC737F1-C7A5-4376-A066-2A32D752A2FF}</UniqueIdentifier>
      <Extensions>cpp;c;cc;cxx;def;odl;idl;hpj;bat;asm;asmx</Extensions>
    </Filter>
    <Filter Include="Header Files">
      <UniqueIdentifier>{93995380-89BD-4b04-88EB-625FBE52EBFB}</UniqueIdentifier>
      <Extensions>h;hh;hpp;hxx;hm;inl;inc;xsd</Extensions>
    </Filter>
    <Filter Include="Resource Files">
      <UniqueIdentifier>{67DA6AB6-F800-4c08-8B7A-83BB121AAD01}</UniqueIdentifier>
      <Extensions>rc;ico;cur;bmp;dlg;rc2;rct;bin;rgs;gif;jpg;jpeg;jpe;resx;tiff;tif;png;wav;mfcribbon-ms</Extensions>
    </Filter>
  </ItemGroup>
  <ItemGroup>
    <ClCompile Include="main.cpp">
      <Filter>Source Files</Filter>
    </ClCompile>
    <ClCompile Include="win32.cpp">
      <Filter>Source Files</Filter>
    </ClCompile>
    <ClCompile Include="windows\messagewindow.cpp">
      <Filter>Source Files</Filter>
    </ClCompile>
    <ClCompile Include="taskdialogs\taskdialog.cpp">
      <Filter>Source Files</Filter>
    </ClCompile>
    <ClCompile Include="tray\trayicon.cpp">
      <Filter>Source Files</Filter>
    </ClCompile>
    <ClCompile Include="windows\window.cpp">
      <Filter>Source Files</Filter>
    </ClCompile>
    <ClCompile Include="windows\windowclass.cpp">
      <Filter>Source Files</Filter>
    </ClCompile>
    <ClCompile Include="darkthememanager.cpp">
      <Filter>Source Files</Filter>
    </ClCompile>
    <ClCompile Include="uwp\autostart.cpp">
      <Filter>Source Files</Filter>
    </ClCompile>
    <ClCompile Include="uwp\uwp.cpp">
      <Filter>Source Files</Filter>
    </ClCompile>
    <ClCompile Include="log\ttberror.cpp">
      <Filter>Source Files</Filter>
    </ClCompile>
    <ClCompile Include="log\ttblog.cpp">
      <Filter>Source Files</Filter>
    </ClCompile>
    <ClCompile Include="taskbar\taskbarattributeworker.cpp">
      <Filter>Source Files</Filter>
    </ClCompile>
    <ClCompile Include="taskbar\eventhook.cpp">
      <Filter>Source Files</Filter>
    </ClCompile>
    <ClCompile Include="localization.cpp">
      <Filter>Source Files</Filter>
    </ClCompile>
    <ClCompile Include="tray\contextmenu.cpp">
      <Filter>Source Files</Filter>
    </ClCompile>
  </ItemGroup>
  <ItemGroup>
    <ClInclude Include="win32.hpp">
      <Filter>Header Files</Filter>
    </ClInclude>
    <ClInclude Include="taskdialogs\aboutdialog.hpp">
      <Filter>Header Files</Filter>
    </ClInclude>
    <ClInclude Include="windows\messagewindow.hpp">
      <Filter>Header Files</Filter>
    </ClInclude>
    <ClInclude Include="taskdialogs\taskdialog.hpp">
      <Filter>Header Files</Filter>
    </ClInclude>
    <ClInclude Include="tray\trayicon.hpp">
      <Filter>Header Files</Filter>
    </ClInclude>
    <ClInclude Include="taskdialogs\welcomedialog.hpp">
      <Filter>Header Files</Filter>
    </ClInclude>
    <ClInclude Include="windows\windowclass.hpp">
      <Filter>Header Files</Filter>
    </ClInclude>
    <ClInclude Include="resources\ids.h">
      <Filter>Header Files</Filter>
    </ClInclude>
    <ClInclude Include="darkthememanager.hpp">
      <Filter>Header Files</Filter>
    </ClInclude>
    <ClInclude Include="windows\windowhelper.hpp">
      <Filter>Header Files</Filter>
    </ClInclude>
    <ClInclude Include="uwp\autostart.hpp">
      <Filter>Header Files</Filter>
    </ClInclude>
    <ClInclude Include="uwp\uwp.hpp">
      <Filter>Header Files</Filter>
    </ClInclude>
    <ClInclude Include="log\ttberror.hpp">
      <Filter>Header Files</Filter>
    </ClInclude>
    <ClInclude Include="log\ttblog.hpp">
      <Filter>Header Files</Filter>
    </ClInclude>
    <ClInclude Include="log\lazyfilesink.hpp">
      <Filter>Header Files</Filter>
    </ClInclude>
    <ClInclude Include="taskbar\taskbarattributeworker.hpp">
      <Filter>Header Files</Filter>
    </ClInclude>
    <ClInclude Include="taskbar\eventhook.hpp">
      <Filter>Header Files</Filter>
    </ClInclude>
    <ClInclude Include="taskbar\appvisibilitysink.hpp">
      <Filter>Header Files</Filter>
    </ClInclude>
    <ClInclude Include="uwp\xamlpagehost.hpp">
      <Filter>Header Files</Filter>
    </ClInclude>
    <ClInclude Include="version.hpp">
      <Filter>Header Files</Filter>
    </ClInclude>
    <ClInclude Include="localization.hpp">
      <Filter>Header Files</Filter>
    </ClInclude>
    <ClInclude Include="tray\contextmenu.hpp">
      <Filter>Header Files</Filter>
    </ClInclude>
  </ItemGroup>
  <ItemGroup>
    <Image Include="resources\TranslucentTB.ico">
      <Filter>Resource Files</Filter>
    </Image>
    <Image Include="resources\TranslucentTB.black.ico">
      <Filter>Resource Files</Filter>
    </Image>
    <Image Include="resources\TranslucentTB.white.ico">
      <Filter>Resource Files</Filter>
    </Image>
  </ItemGroup>
  <ItemGroup>
    <ResourceCompile Include="resources\TranslucentTB.rc2">
      <Filter>Resource Files</Filter>
    </ResourceCompile>
    <ResourceCompile Include="resources\language\TranslucentTB.en.rc2">
      <Filter>Resource Files</Filter>
    </ResourceCompile>
    <ResourceCompile Include="resources\language\TranslucentTB.fr.rc2">
      <Filter>Resource Files</Filter>
    </ResourceCompile>
  </ItemGroup>
  <ItemGroup>
    <None Include="packages.config" />
  </ItemGroup>
  <ItemGroup>
    <Manifest Include="resources\TranslucentTB.manifest">
      <Filter>Resource Files</Filter>
    </Manifest>
  </ItemGroup>
</Project>