<?xml version="1.0" encoding="utf-8"?>
<Project ToolsVersion="4.0" xmlns="http://schemas.microsoft.com/developer/msbuild/2003">
  <ItemGroup>
    <Filter Include="Source Files">
      <UniqueIdentifier>{4FC737F1-C7A5-4376-A066-2A32D752A2FF}</UniqueIdentifier>
      <Extensions>cpp;c;cc;cxx;def;odl;idl;hpj;bat;asm;asmx</Extensions>
    </Filter>
    <Filter Include="Header Files">
      <UniqueIdentifier>{93995380-89BD-4b04-88EB-625FBE52EBFB}</UniqueIdentifier>
      <Extensions>h;hh;hpp;hxx;hm;inl;inc;xsd</Extensions>
    </Filter>
    <Filter Include="Resource Files">
      <UniqueIdentifier>{67DA6AB6-F800-4c08-8B7A-83BB121AAD01}</UniqueIdentifier>
      <Extensions>rc;ico;cur;bmp;dlg;rc2;rct;bin;rgs;gif;jpg;jpeg;jpe;resx;tiff;tif;png;wav;mfcribbon-ms</Extensions>
    </Filter>
  </ItemGroup>
  <ItemGroup>
    <ClCompile Include="main.cpp">
      <Filter>Source Files</Filter>
    </ClCompile>
    <ClCompile Include="windows\messagewindow.cpp">
      <Filter>Source Files</Filter>
    </ClCompile>
    <ClCompile Include="tray\trayicon.cpp">
      <Filter>Source Files</Filter>
    </ClCompile>
    <ClCompile Include="windows\window.cpp">
      <Filter>Source Files</Filter>
    </ClCompile>
    <ClCompile Include="windows\windowclass.cpp">
      <Filter>Source Files</Filter>
    </ClCompile>
    <ClCompile Include="uwp\uwp.cpp">
      <Filter>Source Files</Filter>
    </ClCompile>
    <ClCompile Include="taskbar\taskbarattributeworker.cpp">
      <Filter>Source Files</Filter>
    </ClCompile>
    <ClCompile Include="mainappwindow.cpp">
      <Filter>Source Files</Filter>
    </ClCompile>
    <ClCompile Include="application.cpp">
      <Filter>Source Files</Filter>
    </ClCompile>
    <ClCompile Include="folderwatcher.cpp">
      <Filter>Source Files</Filter>
    </ClCompile>
    <ClCompile Include="uwp\basexamlpagehost.cpp">
      <Filter>Source Files</Filter>
    </ClCompile>
    <ClCompile Include="managers\configmanager.cpp">
      <Filter>Source Files</Filter>
    </ClCompile>
    <ClCompile Include="managers\startupmanager.cpp">
      <Filter>Source Files</Filter>
    </ClCompile>
    <ClCompile Include="uwp\xamlthread.cpp">
      <Filter>Source Files</Filter>
    </ClCompile>
    <ClCompile Include="uwp\xamlthreadpool.cpp">
      <Filter>Source Files</Filter>
    </ClCompile>
    <ClCompile Include="uwp\xamldragregion.cpp">
      <Filter>Source Files</Filter>
    </ClCompile>
    <ClCompile Include="tray\basecontextmenu.cpp">
      <Filter>Source Files</Filter>
    </ClCompile>
    <ClCompile Include="localization.cpp">
      <Filter>Source Files</Filter>
    </ClCompile>
    <ClCompile Include="uwp\dynamicdependency.cpp">
      <Filter>Source Files</Filter>
    </ClCompile>
  </ItemGroup>
  <ItemGroup>
    <ClInclude Include="windows\messagewindow.hpp">
      <Filter>Header Files</Filter>
    </ClInclude>
    <ClInclude Include="tray\trayicon.hpp">
      <Filter>Header Files</Filter>
    </ClInclude>
    <ClInclude Include="windows\windowclass.hpp">
      <Filter>Header Files</Filter>
    </ClInclude>
    <ClInclude Include="resources\ids.h">
      <Filter>Header Files</Filter>
    </ClInclude>
    <ClInclude Include="uwp\uwp.hpp">
      <Filter>Header Files</Filter>
    </ClInclude>
    <ClInclude Include="taskbar\taskbarattributeworker.hpp">
      <Filter>Header Files</Filter>
    </ClInclude>
    <ClInclude Include="uwp\xamlpagehost.hpp">
      <Filter>Header Files</Filter>
    </ClInclude>
    <ClInclude Include="tray\contextmenu.hpp">
      <Filter>Header Files</Filter>
    </ClInclude>
    <ClInclude Include="tray\traycontextmenu.hpp">
      <Filter>Header Files</Filter>
    </ClInclude>
    <ClInclude Include="mainappwindow.hpp">
      <Filter>Header Files</Filter>
    </ClInclude>
    <ClInclude Include="folderwatcher.hpp">
      <Filter>Header Files</Filter>
    </ClInclude>
    <ClInclude Include="application.hpp">
      <Filter>Header Files</Filter>
    </ClInclude>
    <ClInclude Include="taskbar\launchervisibilitysink.hpp">
      <Filter>Header Files</Filter>
    </ClInclude>
    <ClInclude Include="uwp\basexamlpagehost.hpp">
      <Filter>Header Files</Filter>
    </ClInclude>
    <ClInclude Include="managers\configmanager.hpp">
      <Filter>Header Files</Filter>
    </ClInclude>
    <ClInclude Include="managers\startupmanager.hpp">
      <Filter>Header Files</Filter>
    </ClInclude>
    <ClInclude Include="uwp\xamlthread.hpp">
      <Filter>Header Files</Filter>
    </ClInclude>
    <ClInclude Include="uwp\xamlthreadpool.hpp">
      <Filter>Header Files</Filter>
    </ClInclude>
    <ClInclude Include="uwp\xamldragregion.hpp">
      <Filter>Header Files</Filter>
    </ClInclude>
    <ClInclude Include="windows\window.hpp">
      <Filter>Header Files</Filter>
    </ClInclude>
    <ClInclude Include="dynamicloader.hpp">
      <Filter>Header Files</Filter>
    </ClInclude>
    <ClInclude Include="tray\basecontextmenu.hpp">
      <Filter>Header Files</Filter>
    </ClInclude>
    <ClInclude Include="localization.hpp">
      <Filter>Header Files</Filter>
    </ClInclude>
    <ClInclude Include="uwp\dynamicdependency.hpp">
      <Filter>Header Files</Filter>
    </ClInclude>
  </ItemGroup>
  <ItemGroup>
    <Image Include="resources\TranslucentTB.ico">
      <Filter>Resource Files</Filter>
    </Image>
    <Image Include="resources\TranslucentTB.black.ico">
      <Filter>Resource Files</Filter>
    </Image>
    <Image Include="resources\TranslucentTB.white.ico">
      <Filter>Resource Files</Filter>
    </Image>
  </ItemGroup>
  <ItemGroup>
    <ResourceCompile Include="resources\TranslucentTB.rc2">
      <Filter>Resource Files</Filter>
    </ResourceCompile>
    <ResourceCompile Include="resources\language\TranslucentTB.en-US.rc2">
      <Filter>Resource Files</Filter>
    </ResourceCompile>
    <ResourceCompile Include="resources\language\TranslucentTB.ja-JP.rc2">
      <Filter>Resource Files</Filter>
    </ResourceCompile>
    <ResourceCompile Include="resources\language\TranslucentTB.zh-TW.rc2">
      <Filter>Resource Files</Filter>
    </ResourceCompile>
    <ResourceCompile Include="resources\language\TranslucentTB.zh-CN.rc2">
      <Filter>Resource Files</Filter>
    </ResourceCompile>
  </ItemGroup>
  <ItemGroup>
    <Manifest Include="resources\TranslucentTB.manifest">
      <Filter>Resource Files</Filter>
    </Manifest>
  </ItemGroup>
  <ItemGroup>
    <Natvis Include="windows\Window.natvis">
      <Filter>Resource Files</Filter>
    </Natvis>
  </ItemGroup>
  <ItemGroup>
    <None Include="packages.config" />
  </ItemGroup>
  <ItemGroup>
    <Midl Include="taskbar\ShellExperience.idl">
      <Filter>Source Files</Filter>
    </Midl>
  </ItemGroup>
  <ItemGroup>
    <CustomDefFile Include="uwp\api-ms-win-appmodel-runtime-l1-1-5.def">
      <Filter>Source Files</Filter>
    </CustomDefFile>
  </ItemGroup>
</Project>