<?xml version="1.0" encoding="utf-8"?>
<Project ToolsVersion="4.0" xmlns="http://schemas.microsoft.com/developer/msbuild/2003">
  <ItemGroup>
    <Filter Include="Source Files">
      <UniqueIdentifier>{4FC737F1-C7A5-4376-A066-2A32D752A2FF}</UniqueIdentifier>
      <Extensions>cpp;c;cc;cxx;def;odl;idl;hpj;bat;asm;asmx</Extensions>
    </Filter>
    <Filter Include="Header Files">
      <UniqueIdentifier>{93995380-89BD-4b04-88EB-625FBE52EBFB}</UniqueIdentifier>
      <Extensions>h;hh;hpp;hxx;hm;inl;inc;xsd</Extensions>
    </Filter>
    <Filter Include="Resource Files">
      <UniqueIdentifier>{67DA6AB6-F800-4c08-8B7A-83BB121AAD01}</UniqueIdentifier>
      <Extensions>rc;ico;cur;bmp;dlg;rc2;rct;bin;rgs;gif;jpg;jpeg;jpe;resx;tiff;tif;png;wav;mfcribbon-ms</Extensions>
    </Filter>
    <Filter Include="Stock Configuration Files">
      <UniqueIdentifier>{8a3034e1-4c07-4ca8-a036-8cfc161a562d}</UniqueIdentifier>
      <Extensions>cfg;csv</Extensions>
    </Filter>
  </ItemGroup>
  <ItemGroup>
    <ClCompile Include="main.cpp">
      <Filter>Source Files</Filter>
    </ClCompile>
  </ItemGroup>
  <ItemGroup>
    <ClInclude Include="resource.h">
      <Filter>Header Files</Filter>
    </ClInclude>
    <ClInclude Include="win32.hpp">
      <Filter>Header Files</Filter>
    </ClInclude>
    <ClInclude Include="taskbar.hpp">
      <Filter>Header Files</Filter>
    </ClInclude>
    <ClInclude Include="tray.hpp">
      <Filter>Header Files</Filter>
    </ClInclude>
    <ClInclude Include="config.hpp">
      <Filter>Header Files</Filter>
    </ClInclude>
    <ClInclude Include="util.hpp">
      <Filter>Header Files</Filter>
    </ClInclude>
    <ClInclude Include="swcadata.hpp">
      <Filter>Header Files</Filter>
    </ClInclude>
    <ClInclude Include="app.hpp">
      <Filter>Header Files</Filter>
    </ClInclude>
    <ClInclude Include="ttberror.hpp">
      <Filter>Header Files</Filter>
    </ClInclude>
    <ClInclude Include="ttblog.hpp">
      <Filter>Header Files</Filter>
    </ClInclude>
    <ClInclude Include="autostart.hpp">
      <Filter>Header Files</Filter>
    </ClInclude>
    <ClInclude Include="windowhelper.hpp">
      <Filter>Header Files</Filter>
    </ClInclude>
    <ClInclude Include="UWP.hpp">
      <Filter>Header Files</Filter>
    </ClInclude>
    <ClInclude Include="AutoFreeBase.hpp">
      <Filter>Header Files</Filter>
    </ClInclude>
    <ClInclude Include="AutoFree.hpp">
      <Filter>Header Files</Filter>
    </ClInclude>
  </ItemGroup>
  <ItemGroup>
    <ResourceCompile Include="TranslucentTB.rc">
      <Filter>Resource Files</Filter>
    </ResourceCompile>
  </ItemGroup>
  <ItemGroup>
    <None Include="config.cfg">
      <Filter>Stock Configuration Files</Filter>
    </None>
    <None Include="dynamic-ws-exclude.csv">
      <Filter>Stock Configuration Files</Filter>
    </None>
    <None Include="..\LICENSE.md" />
    <None Include="..\Readme.md" />
  </ItemGroup>
  <ItemGroup>
    <Manifest Include="app.manifest">
      <Filter>Resource Files</Filter>
    </Manifest>
  </ItemGroup>
  <ItemGroup>
    <Image Include="TTB_white.ico">
      <Filter>Resource Files</Filter>
    </Image>
    <Image Include="TTB_color.ico">
      <Filter>Resource Files</Filter>
    </Image>
  </ItemGroup>
</Project>